
Microsoft Visual Studio Solution File, Format Version 12.00
# Visual Studio Version 16
VisualStudioVersion = 16.0.30709.132
MinimumVisualStudioVersion = 10.0.40219.1
Project("{9092AA53-FB77-4645-B42D-1CCCA6BD08BD}") = "VuejsApp2", "VuejsApp2\VuejsApp2.njsproj", "{80384529-1B86-4525-A012-EE07CDBF173A}"
EndProject
Global
	GlobalSection(SolutionConfigurationPlatforms) = preSolution
		Debug|Any CPU = Debug|Any CPU
		Release|Any CPU = Release|Any CPU
	EndGlobalSection
	GlobalSection(ProjectConfigurationPlatforms) = postSolution
		{80384529-1B86-4525-A012-EE07CDBF173A}.Debug|Any CPU.ActiveCfg = Debug|Any CPU
		{80384529-1B86-4525-A012-EE07CDBF173A}.Debug|Any CPU.Build.0 = Debug|Any CPU
		{80384529-1B86-4525-A012-EE07CDBF173A}.Release|Any CPU.ActiveCfg = Release|Any CPU
		{80384529-1B86-4525-A012-EE07CDBF173A}.Release|Any CPU.Build.0 = Release|Any CPU
	EndGlobalSection
	GlobalSection(SolutionProperties) = preSolution
		HideSolutionNode = FALSE
	EndGlobalSection
	GlobalSection(ExtensibilityGlobals) = postSolution
		SolutionGuid = {DC0A5305-521D-40A8-ADD6-A09A743CAB0C}
	EndGlobalSection
EndGlobal
